uuid: 610f4d32-1bd6-4c74-8cf2-a556dcc7d8bd
langcode: en
status: true
dependencies:
  config:
    - system.menu.footer-2nd-block
  module:
    - system
  theme:
    - gt_honors
id: footer2ndblock
theme: gt_honors
region: footer_07
weight: 0
provider: null
plugin: 'system_menu_block:footer-2nd-block'
settings:
  id: 'system_menu_block:footer-2nd-block'
  label: 'Footer 2nd Block'
  label_display: '0'
  provider: system
  level: 1
  depth: 0
  expand_all_items: false
visibility: {  }
